# THIS IS AN AUTOGENERATED FILE. DO NOT EDIT THIS FILE DIRECTLY.
# yarn lockfile v1


pyright@^1.1.296:
  version "1.1.296"
  resolved "https://registry.yarnpkg.com/pyright/-/pyright-1.1.296.tgz#5bb4322b425d576e7a27882969123510d06023ca"
  integrity sha512-T04flbRRbbzp37X4fdb8FedoavLYAY2pk5x3jxadnBXYssJn0WQCVWeIFryWGDe6v+a3iOrxbMt2EawNKkNVHQ==
